
Microsoft Visual Studio Solution File, Format Version 12.00
# Visual Studio Version 17
VisualStudioVersion = 17.9.34728.123
MinimumVisualStudioVersion = 10.0.40219.1
Project("{9A19103F-16F7-4668-BE54-9A1E7A4F7556}") = "Domain", "Domain\Domain.csproj", "{9445D8F8-CD2B-42CF-8B2C-895628CBE35D}"
EndProject
Project("{9A19103F-16F7-4668-BE54-9A1E7A4F7556}") = "Application", "Application\Application.csproj", "{FE0668D1-7F3C-4FF7-BFDA-C2FC3AA7CFE5}"
EndProject
Project("{9A19103F-16F7-4668-BE54-9A1E7A4F7556}") = "Infrastructure", "Infrastructure\Infrastructure.csproj", "{2A2834C8-BB6B-45EB-AE76-F89C25A87FF2}"
EndProject
Project("{9A19103F-16F7-4668-BE54-9A1E7A4F7556}") = "WebAPI", "WebAPI\WebAPI.csproj", "{BF3E50D7-6EBD-4EDA-AF40-EF90C4224609}"
EndProject
Project("{2150E333-8FDC-42A3-9474-1A3956D46DE8}") = "Solution Items", "Solution Items", "{079F07D3-1549-4886-ACA1-5E2DE7FB0417}"
	ProjectSection(SolutionItems) = preProject
		.editorconfig = .editorconfig
	EndProjectSection
EndProject
Global
	GlobalSection(SolutionConfigurationPlatforms) = preSolution
		Debug|Any CPU = Debug|Any CPU
		Release|Any CPU = Release|Any CPU
	EndGlobalSection
	GlobalSection(ProjectConfigurationPlatforms) = postSolution
		{9445D8F8-CD2B-42CF-8B2C-895628CBE35D}.Debug|Any CPU.ActiveCfg = Debug|Any CPU
		{9445D8F8-CD2B-42CF-8B2C-895628CBE35D}.Debug|Any CPU.Build.0 = Debug|Any CPU
		{9445D8F8-CD2B-42CF-8B2C-895628CBE35D}.Release|Any CPU.ActiveCfg = Release|Any CPU
		{9445D8F8-CD2B-42CF-8B2C-895628CBE35D}.Release|Any CPU.Build.0 = Release|Any CPU
		{FE0668D1-7F3C-4FF7-BFDA-C2FC3AA7CFE5}.Debug|Any CPU.ActiveCfg = Debug|Any CPU
		{FE0668D1-7F3C-4FF7-BFDA-C2FC3AA7CFE5}.Debug|Any CPU.Build.0 = Debug|Any CPU
		{FE0668D1-7F3C-4FF7-BFDA-C2FC3AA7CFE5}.Release|Any CPU.ActiveCfg = Release|Any CPU
		{FE0668D1-7F3C-4FF7-BFDA-C2FC3AA7CFE5}.Release|Any CPU.Build.0 = Release|Any CPU
		{2A2834C8-BB6B-45EB-AE76-F89C25A87FF2}.Debug|Any CPU.ActiveCfg = Debug|Any CPU
		{2A2834C8-BB6B-45EB-AE76-F89C25A87FF2}.Debug|Any CPU.Build.0 = Debug|Any CPU
		{2A2834C8-BB6B-45EB-AE76-F89C25A87FF2}.Release|Any CPU.ActiveCfg = Release|Any CPU
		{2A2834C8-BB6B-45EB-AE76-F89C25A87FF2}.Release|Any CPU.Build.0 = Release|Any CPU
		{BF3E50D7-6EBD-4EDA-AF40-EF90C4224609}.Debug|Any CPU.ActiveCfg = Debug|Any CPU
		{BF3E50D7-6EBD-4EDA-AF40-EF90C4224609}.Debug|Any CPU.Build.0 = Debug|Any CPU
		{BF3E50D7-6EBD-4EDA-AF40-EF90C4224609}.Release|Any CPU.ActiveCfg = Release|Any CPU
		{BF3E50D7-6EBD-4EDA-AF40-EF90C4224609}.Release|Any CPU.Build.0 = Release|Any CPU
	EndGlobalSection
	GlobalSection(SolutionProperties) = preSolution
		HideSolutionNode = FALSE
	EndGlobalSection
	GlobalSection(ExtensibilityGlobals) = postSolution
		SolutionGuid = {2803DCAC-E49A-4B18-A912-C7FF673BE489}
	EndGlobalSection
EndGlobal
